
Microsoft Visual Studio Solution File, Format Version 12.00
# Visual Studio 15
VisualStudioVersion = 15.0.27130.2020
MinimumVisualStudioVersion = 10.0.40219.1
Project("{FAE04EC0-301F-11D3-BF4B-00C04F79EFBC}") = "MegaDesk-03-SavannahPyle", "MegaDesk-03-SavannahPyle\MegaDesk-03-SavannahPyle.csproj", "{3A2EB26F-C9BC-427D-A519-816B32B8FFF4}"
EndProject
Global
	GlobalSection(SolutionConfigurationPlatforms) = preSolution
		Debug|Any CPU = Debug|Any CPU
		Release|Any CPU = Release|Any CPU
	EndGlobalSection
	GlobalSection(ProjectConfigurationPlatforms) = postSolution
		{3A2EB26F-C9BC-427D-A519-816B32B8FFF4}.Debug|Any CPU.ActiveCfg = Debug|Any CPU
		{3A2EB26F-C9BC-427D-A519-816B32B8FFF4}.Debug|Any CPU.Build.0 = Debug|Any CPU
		{3A2EB26F-C9BC-427D-A519-816B32B8FFF4}.Release|Any CPU.ActiveCfg = Release|Any CPU
		{3A2EB26F-C9BC-427D-A519-816B32B8FFF4}.Release|Any CPU.Build.0 = Release|Any CPU
	EndGlobalSection
	GlobalSection(SolutionProperties) = preSolution
		HideSolutionNode = FALSE
	EndGlobalSection
	GlobalSection(ExtensibilityGlobals) = postSolution
		SolutionGuid = {E588AF2E-5BB5-4CB1-B78F-8F50AACF669B}
	EndGlobalSection
EndGlobal
